
Microsoft Visual Studio Solution File, Format Version 12.00
# Visual Studio 15
VisualStudioVersion = 15.0.26206.0
MinimumVisualStudioVersion = 10.0.40219.1
Project("{FAE04EC0-301F-11D3-BF4B-00C04F79EFBC}") = "ProductPriceCalc.Core", "ProductPriceCalc.Core\ProductPriceCalc.Core.csproj", "{060536C6-22A8-42A0-A721-7A601D003975}"
EndProject
Project("{FAE04EC0-301F-11D3-BF4B-00C04F79EFBC}") = "ProductPriceCalc.Droid", "ProductPriceCalc.Droid\ProductPriceCalc.Droid.csproj", "{17E95C41-D6EA-4040-8B1C-B69600455A57}"
EndProject
Project("{FAE04EC0-301F-11D3-BF4B-00C04F79EFBC}") = "ProductPriceCalc.Uwp", "ProductPriceCalc.Uwp\ProductPriceCalc.Uwp.csproj", "{D5D9B7D3-6C1A-401F-96F6-D3E762366A17}"
EndProject
Project("{FAE04EC0-301F-11D3-BF4B-00C04F79EFBC}") = "ProductPriceCalc.iOS", "ProductPriceCalc.Touch\ProductPriceCalc.iOS.csproj", "{C2E11D80-C8A4-4199-B78E-6DC2D497FB18}"
EndProject
Global
	GlobalSection(SolutionConfigurationPlatforms) = preSolution
		Ad-Hoc|Any CPU = Ad-Hoc|Any CPU
		Ad-Hoc|ARM = Ad-Hoc|ARM
		Ad-Hoc|iPhone = Ad-Hoc|iPhone
		Ad-Hoc|iPhoneSimulator = Ad-Hoc|iPhoneSimulator
		Ad-Hoc|x64 = Ad-Hoc|x64
		Ad-Hoc|x86 = Ad-Hoc|x86
		AppStore|Any CPU = AppStore|Any CPU
		AppStore|ARM = AppStore|ARM
		AppStore|iPhone = AppStore|iPhone
		AppStore|iPhoneSimulator = AppStore|iPhoneSimulator
		AppStore|x64 = AppStore|x64
		AppStore|x86 = AppStore|x86
		Debug|Any CPU = Debug|Any CPU
		Debug|ARM = Debug|ARM
		Debug|iPhone = Debug|iPhone
		Debug|iPhoneSimulator = Debug|iPhoneSimulator
		Debug|x64 = Debug|x64
		Debug|x86 = Debug|x86
		Release|Any CPU = Release|Any CPU
		Release|ARM = Release|ARM
		Release|iPhone = Release|iPhone
		Release|iPhoneSimulator = Release|iPhoneSimulator
		Release|x64 = Release|x64
		Release|x86 = Release|x86
	EndGlobalSection
	GlobalSection(ProjectConfigurationPlatforms) = postSolution
		{060536C6-22A8-42A0-A721-7A601D003975}.Ad-Hoc|Any CPU.ActiveCfg = Release|Any CPU
		{060536C6-22A8-42A0-A721-7A601D003975}.Ad-Hoc|Any CPU.Build.0 = Release|Any CPU
		{060536C6-22A8-42A0-A721-7A601D003975}.Ad-Hoc|ARM.ActiveCfg = Release|Any CPU
		{060536C6-22A8-42A0-A721-7A601D003975}.Ad-Hoc|ARM.Build.0 = Release|Any CPU
		{060536C6-22A8-42A0-A721-7A601D003975}.Ad-Hoc|iPhone.ActiveCfg = Release|Any CPU
		{060536C6-22A8-42A0-A721-7A601D003975}.Ad-Hoc|iPhone.Build.0 = Release|Any CPU
		{060536C6-22A8-42A0-A721-7A601D003975}.Ad-Hoc|iPhoneSimulator.ActiveCfg = Release|Any CPU
		{060536C6-22A8-42A0-A721-7A601D003975}.Ad-Hoc|iPhoneSimulator.Build.0 = Release|Any CPU
		{060536C6-22A8-42A0-A721-7A601D003975}.Ad-Hoc|x64.ActiveCfg = Release|Any CPU
		{060536C6-22A8-42A0-A721-7A601D003975}.Ad-Hoc|x64.Build.0 = Release|Any CPU
		{060536C6-22A8-42A0-A721-7A601D003975}.Ad-Hoc|x86.ActiveCfg = Release|Any CPU
		{060536C6-22A8-42A0-A721-7A601D003975}.Ad-Hoc|x86.Build.0 = Release|Any CPU
		{060536C6-22A8-42A0-A721-7A601D003975}.AppStore|Any CPU.ActiveCfg = Release|Any CPU
		{060536C6-22A8-42A0-A721-7A601D003975}.AppStore|Any CPU.Build.0 = Release|Any CPU
		{060536C6-22A8-42A0-A721-7A601D003975}.AppStore|ARM.ActiveCfg = Release|Any CPU
		{060536C6-22A8-42A0-A721-7A601D003975}.AppStore|ARM.Build.0 = Release|Any CPU
		{060536C6-22A8-42A0-A721-7A601D003975}.AppStore|iPhone.ActiveCfg = Release|Any CPU
		{060536C6-22A8-42A0-A721-7A601D003975}.AppStore|iPhone.Build.0 = Release|Any CPU
		{060536C6-22A8-42A0-A721-7A601D003975}.AppStore|iPhoneSimulator.ActiveCfg = Release|Any CPU
		{060536C6-22A8-42A0-A721-7A601D003975}.AppStore|iPhoneSimulator.Build.0 = Release|Any CPU
		{060536C6-22A8-42A0-A721-7A601D003975}.AppStore|x64.ActiveCfg = Release|Any CPU
		{060536C6-22A8-42A0-A721-7A601D003975}.AppStore|x64.Build.0 = Release|Any CPU
		{060536C6-22A8-42A0-A721-7A601D003975}.AppStore|x86.ActiveCfg = Release|Any CPU
		{060536C6-22A8-42A0-A721-7A601D003975}.AppStore|x86.Build.0 = Release|Any CPU
		{060536C6-22A8-42A0-A721-7A601D003975}.Debug|Any CPU.ActiveCfg = Debug|Any CPU
		{060536C6-22A8-42A0-A721-7A601D003975}.Debug|Any CPU.Build.0 = Debug|Any CPU
		{060536C6-22A8-42A0-A721-7A601D003975}.Debug|ARM.ActiveCfg = Debug|Any CPU
		{060536C6-22A8-42A0-A721-7A601D003975}.Debug|ARM.Build.0 = Debug|Any CPU
		{060536C6-22A8-42A0-A721-7A601D003975}.Debug|iPhone.ActiveCfg = Debug|Any CPU
		{060536C6-22A8-42A0-A721-7A601D003975}.Debug|iPhone.Build.0 = Debug|Any CPU
		{060536C6-22A8-42A0-A721-7A601D003975}.Debug|iPhoneSimulator.ActiveCfg = Debug|Any CPU
		{060536C6-22A8-42A0-A721-7A601D003975}.Debug|iPhoneSimulator.Build.0 = Debug|Any CPU
		{060536C6-22A8-42A0-A721-7A601D003975}.Debug|x64.ActiveCfg = Debug|Any CPU
		{060536C6-22A8-42A0-A721-7A601D003975}.Debug|x64.Build.0 = Debug|Any CPU
		{060536C6-22A8-42A0-A721-7A601D003975}.Debug|x86.ActiveCfg = Debug|Any CPU
		{060536C6-22A8-42A0-A721-7A601D003975}.Debug|x86.Build.0 = Debug|Any CPU
		{060536C6-22A8-42A0-A721-7A601D003975}.Release|Any CPU.ActiveCfg = Release|Any CPU
		{060536C6-22A8-42A0-A721-7A601D003975}.Release|Any CPU.Build.0 = Release|Any CPU
		{060536C6-22A8-42A0-A721-7A601D003975}.Release|ARM.ActiveCfg = Release|Any CPU
		{060536C6-22A8-42A0-A721-7A601D003975}.Release|ARM.Build.0 = Release|Any CPU
		{060536C6-22A8-42A0-A721-7A601D003975}.Release|iPhone.ActiveCfg = Release|Any CPU
		{060536C6-22A8-42A0-A721-7A601D003975}.Release|iPhone.Build.0 = Release|Any CPU
		{060536C6-22A8-42A0-A721-7A601D003975}.Release|iPhoneSimulator.ActiveCfg = Release|Any CPU
		{060536C6-22A8-42A0-A721-7A601D003975}.Release|iPhoneSimulator.Build.0 = Release|Any CPU
		{060536C6-22A8-42A0-A721-7A601D003975}.Release|x64.ActiveCfg = Release|Any CPU
		{060536C6-22A8-42A0-A721-7A601D003975}.Release|x64.Build.0 = Release|Any CPU
		{060536C6-22A8-42A0-A721-7A601D003975}.Release|x86.ActiveCfg = Release|Any CPU
		{060536C6-22A8-42A0-A721-7A601D003975}.Release|x86.Build.0 = Release|Any CPU
		{17E95C41-D6EA-4040-8B1C-B69600455A57}.Ad-Hoc|Any CPU.ActiveCfg = Release|Any CPU
		{17E95C41-D6EA-4040-8B1C-B69600455A57}.Ad-Hoc|Any CPU.Build.0 = Release|Any CPU
		{17E95C41-D6EA-4040-8B1C-B69600455A57}.Ad-Hoc|Any CPU.Deploy.0 = Release|Any CPU
		{17E95C41-D6EA-4040-8B1C-B69600455A57}.Ad-Hoc|ARM.ActiveCfg = Release|Any CPU
		{17E95C41-D6EA-4040-8B1C-B69600455A57}.Ad-Hoc|ARM.Build.0 = Release|Any CPU
		{17E95C41-D6EA-4040-8B1C-B69600455A57}.Ad-Hoc|ARM.Deploy.0 = Release|Any CPU
		{17E95C41-D6EA-4040-8B1C-B69600455A57}.Ad-Hoc|iPhone.ActiveCfg = Release|Any CPU
		{17E95C41-D6EA-4040-8B1C-B69600455A57}.Ad-Hoc|iPhone.Build.0 = Release|Any CPU
		{17E95C41-D6EA-4040-8B1C-B69600455A57}.Ad-Hoc|iPhone.Deploy.0 = Release|Any CPU
		{17E95C41-D6EA-4040-8B1C-B69600455A57}.Ad-Hoc|iPhoneSimulator.ActiveCfg = Release|Any CPU
		{17E95C41-D6EA-4040-8B1C-B69600455A57}.Ad-Hoc|iPhoneSimulator.Build.0 = Release|Any CPU
		{17E95C41-D6EA-4040-8B1C-B69600455A57}.Ad-Hoc|iPhoneSimulator.Deploy.0 = Release|Any CPU
		{17E95C41-D6EA-4040-8B1C-B69600455A57}.Ad-Hoc|x64.ActiveCfg = Release|Any CPU
		{17E95C41-D6EA-4040-8B1C-B69600455A57}.Ad-Hoc|x64.Build.0 = Release|Any CPU
		{17E95C41-D6EA-4040-8B1C-B69600455A57}.Ad-Hoc|x64.Deploy.0 = Release|Any CPU
		{17E95C41-D6EA-4040-8B1C-B69600455A57}.Ad-Hoc|x86.ActiveCfg = Release|Any CPU
		{17E95C41-D6EA-4040-8B1C-B69600455A57}.Ad-Hoc|x86.Build.0 = Release|Any CPU
		{17E95C41-D6EA-4040-8B1C-B69600455A57}.Ad-Hoc|x86.Deploy.0 = Release|Any CPU
		{17E95C41-D6EA-4040-8B1C-B69600455A57}.AppStore|Any CPU.ActiveCfg = Release|Any CPU
		{17E95C41-D6EA-4040-8B1C-B69600455A57}.AppStore|Any CPU.Build.0 = Release|Any CPU
		{17E95C41-D6EA-4040-8B1C-B69600455A57}.AppStore|Any CPU.Deploy.0 = Release|Any CPU
		{17E95C41-D6EA-4040-8B1C-B69600455A57}.AppStore|ARM.ActiveCfg = Release|Any CPU
		{17E95C41-D6EA-4040-8B1C-B69600455A57}.AppStore|ARM.Build.0 = Release|Any CPU
		{17E95C41-D6EA-4040-8B1C-B69600455A57}.AppStore|ARM.Deploy.0 = Release|Any CPU
		{17E95C41-D6EA-4040-8B1C-B69600455A57}.AppStore|iPhone.ActiveCfg = Release|Any CPU
		{17E95C41-D6EA-4040-8B1C-B69600455A57}.AppStore|iPhone.Build.0 = Release|Any CPU
		{17E95C41-D6EA-4040-8B1C-B69600455A57}.AppStore|iPhone.Deploy.0 = Release|Any CPU
		{17E95C41-D6EA-4040-8B1C-B69600455A57}.AppStore|iPhoneSimulator.ActiveCfg = Release|Any CPU
		{17E95C41-D6EA-4040-8B1C-B69600455A57}.AppStore|iPhoneSimulator.Build.0 = Release|Any CPU
		{17E95C41-D6EA-4040-8B1C-B69600455A57}.AppStore|iPhoneSimulator.Deploy.0 = Release|Any CPU
		{17E95C41-D6EA-4040-8B1C-B69600455A57}.AppStore|x64.ActiveCfg = Release|Any CPU
		{17E95C41-D6EA-4040-8B1C-B69600455A57}.AppStore|x64.Build.0 = Release|Any CPU
		{17E95C41-D6EA-4040-8B1C-B69600455A57}.AppStore|x64.Deploy.0 = Release|Any CPU
		{17E95C41-D6EA-4040-8B1C-B69600455A57}.AppStore|x86.ActiveCfg = Release|Any CPU
		{17E95C41-D6EA-4040-8B1C-B69600455A57}.AppStore|x86.Build.0 = Release|Any CPU
		{17E95C41-D6EA-4040-8B1C-B69600455A57}.AppStore|x86.Deploy.0 = Release|Any CPU
		{17E95C41-D6EA-4040-8B1C-B69600455A57}.Debug|Any CPU.ActiveCfg = Debug|Any CPU
		{17E95C41-D6EA-4040-8B1C-B69600455A57}.Debug|Any CPU.Build.0 = Debug|Any CPU
		{17E95C41-D6EA-4040-8B1C-B69600455A57}.Debug|Any CPU.Deploy.0 = Debug|Any CPU
		{17E95C41-D6EA-4040-8B1C-B69600455A57}.Debug|ARM.ActiveCfg = Debug|Any CPU
		{17E95C41-D6EA-4040-8B1C-B69600455A57}.Debug|ARM.Build.0 = Debug|Any CPU
		{17E95C41-D6EA-4040-8B1C-B69600455A57}.Debug|ARM.Deploy.0 = Debug|Any CPU
		{17E95C41-D6EA-4040-8B1C-B69600455A57}.Debug|iPhone.ActiveCfg = Debug|Any CPU
		{17E95C41-D6EA-4040-8B1C-B69600455A57}.Debug|iPhone.Build.0 = Debug|Any CPU
		{17E95C41-D6EA-4040-8B1C-B69600455A57}.Debug|iPhone.Deploy.0 = Debug|Any CPU
		{17E95C41-D6EA-4040-8B1C-B69600455A57}.Debug|iPhoneSimulator.ActiveCfg = Debug|Any CPU
		{17E95C41-D6EA-4040-8B1C-B69600455A57}.Debug|iPhoneSimulator.Build.0 = Debug|Any CPU
		{17E95C41-D6EA-4040-8B1C-B69600455A57}.Debug|iPhoneSimulator.Deploy.0 = Debug|Any CPU
		{17E95C41-D6EA-4040-8B1C-B69600455A57}.Debug|x64.ActiveCfg = Debug|Any CPU
		{17E95C41-D6EA-4040-8B1C-B69600455A57}.Debug|x64.Build.0 = Debug|Any CPU
		{17E95C41-D6EA-4040-8B1C-B69600455A57}.Debug|x64.Deploy.0 = Debug|Any CPU
		{17E95C41-D6EA-4040-8B1C-B69600455A57}.Debug|x86.ActiveCfg = Debug|Any CPU
		{17E95C41-D6EA-4040-8B1C-B69600455A57}.Debug|x86.Build.0 = Debug|Any CPU
		{17E95C41-D6EA-4040-8B1C-B69600455A57}.Debug|x86.Deploy.0 = Debug|Any CPU
		{17E95C41-D6EA-4040-8B1C-B69600455A57}.Release|Any CPU.ActiveCfg = Release|Any CPU
		{17E95C41-D6EA-4040-8B1C-B69600455A57}.Release|Any CPU.Build.0 = Release|Any CPU
		{17E95C41-D6EA-4040-8B1C-B69600455A57}.Release|Any CPU.Deploy.0 = Release|Any CPU
		{17E95C41-D6EA-4040-8B1C-B69600455A57}.Release|ARM.ActiveCfg = Release|Any CPU
		{17E95C41-D6EA-4040-8B1C-B69600455A57}.Release|ARM.Build.0 = Release|Any CPU
		{17E95C41-D6EA-4040-8B1C-B69600455A57}.Release|ARM.Deploy.0 = Release|Any CPU
		{17E95C41-D6EA-4040-8B1C-B69600455A57}.Release|iPhone.ActiveCfg = Release|Any CPU
		{17E95C41-D6EA-4040-8B1C-B69600455A57}.Release|iPhone.Build.0 = Release|Any CPU
		{17E95C41-D6EA-4040-8B1C-B69600455A57}.Release|iPhone.Deploy.0 = Release|Any CPU
		{17E95C41-D6EA-4040-8B1C-B69600455A57}.Release|iPhoneSimulator.ActiveCfg = Release|Any CPU
		{17E95C41-D6EA-4040-8B1C-B69600455A57}.Release|iPhoneSimulator.Build.0 = Release|Any CPU
		{17E95C41-D6EA-4040-8B1C-B69600455A57}.Release|iPhoneSimulator.Deploy.0 = Release|Any CPU
		{17E95C41-D6EA-4040-8B1C-B69600455A57}.Release|x64.ActiveCfg = Release|Any CPU
		{17E95C41-D6EA-4040-8B1C-B69600455A57}.Release|x64.Build.0 = Release|Any CPU
		{17E95C41-D6EA-4040-8B1C-B69600455A57}.Release|x64.Deploy.0 = Release|Any CPU
		{17E95C41-D6EA-4040-8B1C-B69600455A57}.Release|x86.ActiveCfg = Release|Any CPU
		{17E95C41-D6EA-4040-8B1C-B69600455A57}.Release|x86.Build.0 = Release|Any CPU
		{17E95C41-D6EA-4040-8B1C-B69600455A57}.Release|x86.Deploy.0 = Release|Any CPU
		{D5D9B7D3-6C1A-401F-96F6-D3E762366A17}.Ad-Hoc|Any CPU.ActiveCfg = Release|x64
		{D5D9B7D3-6C1A-401F-96F6-D3E762366A17}.Ad-Hoc|Any CPU.Build.0 = Release|x64
		{D5D9B7D3-6C1A-401F-96F6-D3E762366A17}.Ad-Hoc|Any CPU.Deploy.0 = Release|x64
		{D5D9B7D3-6C1A-401F-96F6-D3E762366A17}.Ad-Hoc|ARM.ActiveCfg = Release|ARM
		{D5D9B7D3-6C1A-401F-96F6-D3E762366A17}.Ad-Hoc|ARM.Build.0 = Release|ARM
		{D5D9B7D3-6C1A-401F-96F6-D3E762366A17}.Ad-Hoc|ARM.Deploy.0 = Release|ARM
		{D5D9B7D3-6C1A-401F-96F6-D3E762366A17}.Ad-Hoc|iPhone.ActiveCfg = Release|x64
		{D5D9B7D3-6C1A-401F-96F6-D3E762366A17}.Ad-Hoc|iPhone.Build.0 = Release|x64
		{D5D9B7D3-6C1A-401F-96F6-D3E762366A17}.Ad-Hoc|iPhone.Deploy.0 = Release|x64
		{D5D9B7D3-6C1A-401F-96F6-D3E762366A17}.Ad-Hoc|iPhoneSimulator.ActiveCfg = Release|x64
		{D5D9B7D3-6C1A-401F-96F6-D3E762366A17}.Ad-Hoc|iPhoneSimulator.Build.0 = Release|x64
		{D5D9B7D3-6C1A-401F-96F6-D3E762366A17}.Ad-Hoc|iPhoneSimulator.Deploy.0 = Release|x64
		{D5D9B7D3-6C1A-401F-96F6-D3E762366A17}.Ad-Hoc|x64.ActiveCfg = Release|x64
		{D5D9B7D3-6C1A-401F-96F6-D3E762366A17}.Ad-Hoc|x64.Build.0 = Release|x64
		{D5D9B7D3-6C1A-401F-96F6-D3E762366A17}.Ad-Hoc|x64.Deploy.0 = Release|x64
		{D5D9B7D3-6C1A-401F-96F6-D3E762366A17}.Ad-Hoc|x86.ActiveCfg = Release|x86
		{D5D9B7D3-6C1A-401F-96F6-D3E762366A17}.Ad-Hoc|x86.Build.0 = Release|x86
		{D5D9B7D3-6C1A-401F-96F6-D3E762366A17}.Ad-Hoc|x86.Deploy.0 = Release|x86
		{D5D9B7D3-6C1A-401F-96F6-D3E762366A17}.AppStore|Any CPU.ActiveCfg = Release|x64
		{D5D9B7D3-6C1A-401F-96F6-D3E762366A17}.AppStore|Any CPU.Build.0 = Release|x64
		{D5D9B7D3-6C1A-401F-96F6-D3E762366A17}.AppStore|Any CPU.Deploy.0 = Release|x64
		{D5D9B7D3-6C1A-401F-96F6-D3E762366A17}.AppStore|ARM.ActiveCfg = Release|ARM
		{D5D9B7D3-6C1A-401F-96F6-D3E762366A17}.AppStore|ARM.Build.0 = Release|ARM
		{D5D9B7D3-6C1A-401F-96F6-D3E762366A17}.AppStore|ARM.Deploy.0 = Release|ARM
		{D5D9B7D3-6C1A-401F-96F6-D3E762366A17}.AppStore|iPhone.ActiveCfg = Release|x64
		{D5D9B7D3-6C1A-401F-96F6-D3E762366A17}.AppStore|iPhone.Build.0 = Release|x64
		{D5D9B7D3-6C1A-401F-96F6-D3E762366A17}.AppStore|iPhone.Deploy.0 = Release|x64
		{D5D9B7D3-6C1A-401F-96F6-D3E762366A17}.AppStore|iPhoneSimulator.ActiveCfg = Release|x64
		{D5D9B7D3-6C1A-401F-96F6-D3E762366A17}.AppStore|iPhoneSimulator.Build.0 = Release|x64
		{D5D9B7D3-6C1A-401F-96F6-D3E762366A17}.AppStore|iPhoneSimulator.Deploy.0 = Release|x64
		{D5D9B7D3-6C1A-401F-96F6-D3E762366A17}.AppStore|x64.ActiveCfg = Release|x64
		{D5D9B7D3-6C1A-401F-96F6-D3E762366A17}.AppStore|x64.Build.0 = Release|x64
		{D5D9B7D3-6C1A-401F-96F6-D3E762366A17}.AppStore|x64.Deploy.0 = Release|x64
		{D5D9B7D3-6C1A-401F-96F6-D3E762366A17}.AppStore|x86.ActiveCfg = Release|x86
		{D5D9B7D3-6C1A-401F-96F6-D3E762366A17}.AppStore|x86.Build.0 = Release|x86
		{D5D9B7D3-6C1A-401F-96F6-D3E762366A17}.AppStore|x86.Deploy.0 = Release|x86
		{D5D9B7D3-6C1A-401F-96F6-D3E762366A17}.Debug|Any CPU.ActiveCfg = Debug|x86
		{D5D9B7D3-6C1A-401F-96F6-D3E762366A17}.Debug|ARM.ActiveCfg = Debug|ARM
		{D5D9B7D3-6C1A-401F-96F6-D3E762366A17}.Debug|ARM.Build.0 = Debug|ARM
		{D5D9B7D3-6C1A-401F-96F6-D3E762366A17}.Debug|ARM.Deploy.0 = Debug|ARM
		{D5D9B7D3-6C1A-401F-96F6-D3E762366A17}.Debug|iPhone.ActiveCfg = Debug|x86
		{D5D9B7D3-6C1A-401F-96F6-D3E762366A17}.Debug|iPhoneSimulator.ActiveCfg = Debug|x86
		{D5D9B7D3-6C1A-401F-96F6-D3E762366A17}.Debug|x64.ActiveCfg = Debug|x64
		{D5D9B7D3-6C1A-401F-96F6-D3E762366A17}.Debug|x64.Build.0 = Debug|x64
		{D5D9B7D3-6C1A-401F-96F6-D3E762366A17}.Debug|x64.Deploy.0 = Debug|x64
		{D5D9B7D3-6C1A-401F-96F6-D3E762366A17}.Debug|x86.ActiveCfg = Debug|x86
		{D5D9B7D3-6C1A-401F-96F6-D3E762366A17}.Debug|x86.Build.0 = Debug|x86
		{D5D9B7D3-6C1A-401F-96F6-D3E762366A17}.Debug|x86.Deploy.0 = Debug|x86
		{D5D9B7D3-6C1A-401F-96F6-D3E762366A17}.Release|Any CPU.ActiveCfg = Release|x86
		{D5D9B7D3-6C1A-401F-96F6-D3E762366A17}.Release|ARM.ActiveCfg = Release|ARM
		{D5D9B7D3-6C1A-401F-96F6-D3E762366A17}.Release|ARM.Build.0 = Release|ARM
		{D5D9B7D3-6C1A-401F-96F6-D3E762366A17}.Release|ARM.Deploy.0 = Release|ARM
		{D5D9B7D3-6C1A-401F-96F6-D3E762366A17}.Release|iPhone.ActiveCfg = Release|x86
		{D5D9B7D3-6C1A-401F-96F6-D3E762366A17}.Release|iPhoneSimulator.ActiveCfg = Release|x86
		{D5D9B7D3-6C1A-401F-96F6-D3E762366A17}.Release|x64.ActiveCfg = Release|x64
		{D5D9B7D3-6C1A-401F-96F6-D3E762366A17}.Release|x64.Build.0 = Release|x64
		{D5D9B7D3-6C1A-401F-96F6-D3E762366A17}.Release|x64.Deploy.0 = Release|x64
		{D5D9B7D3-6C1A-401F-96F6-D3E762366A17}.Release|x86.ActiveCfg = Release|x86
		{D5D9B7D3-6C1A-401F-96F6-D3E762366A17}.Release|x86.Build.0 = Release|x86
		{D5D9B7D3-6C1A-401F-96F6-D3E762366A17}.Release|x86.Deploy.0 = Release|x86
		{C2E11D80-C8A4-4199-B78E-6DC2D497FB18}.Ad-Hoc|Any CPU.ActiveCfg = Ad-Hoc|iPhone
		{C2E11D80-C8A4-4199-B78E-6DC2D497FB18}.Ad-Hoc|ARM.ActiveCfg = Ad-Hoc|iPhone
		{C2E11D80-C8A4-4199-B78E-6DC2D497FB18}.Ad-Hoc|iPhone.ActiveCfg = Ad-Hoc|iPhone
		{C2E11D80-C8A4-4199-B78E-6DC2D497FB18}.Ad-Hoc|iPhone.Build.0 = Ad-Hoc|iPhone
		{C2E11D80-C8A4-4199-B78E-6DC2D497FB18}.Ad-Hoc|iPhoneSimulator.ActiveCfg = Ad-Hoc|iPhoneSimulator
		{C2E11D80-C8A4-4199-B78E-6DC2D497FB18}.Ad-Hoc|iPhoneSimulator.Build.0 = Ad-Hoc|iPhoneSimulator
		{C2E11D80-C8A4-4199-B78E-6DC2D497FB18}.Ad-Hoc|x64.ActiveCfg = Ad-Hoc|iPhone
		{C2E11D80-C8A4-4199-B78E-6DC2D497FB18}.Ad-Hoc|x86.ActiveCfg = Ad-Hoc|iPhone
		{C2E11D80-C8A4-4199-B78E-6DC2D497FB18}.AppStore|Any CPU.ActiveCfg = AppStore|iPhone
		{C2E11D80-C8A4-4199-B78E-6DC2D497FB18}.AppStore|ARM.ActiveCfg = AppStore|iPhone
		{C2E11D80-C8A4-4199-B78E-6DC2D497FB18}.AppStore|iPhone.ActiveCfg = AppStore|iPhone
		{C2E11D80-C8A4-4199-B78E-6DC2D497FB18}.AppStore|iPhone.Build.0 = AppStore|iPhone
		{C2E11D80-C8A4-4199-B78E-6DC2D497FB18}.AppStore|iPhoneSimulator.ActiveCfg = AppStore|iPhoneSimulator
		{C2E11D80-C8A4-4199-B78E-6DC2D497FB18}.AppStore|iPhoneSimulator.Build.0 = AppStore|iPhoneSimulator
		{C2E11D80-C8A4-4199-B78E-6DC2D497FB18}.AppStore|x64.ActiveCfg = AppStore|iPhone
		{C2E11D80-C8A4-4199-B78E-6DC2D497FB18}.AppStore|x86.ActiveCfg = AppStore|iPhone
		{C2E11D80-C8A4-4199-B78E-6DC2D497FB18}.Debug|Any CPU.ActiveCfg = Debug|iPhone
		{C2E11D80-C8A4-4199-B78E-6DC2D497FB18}.Debug|ARM.ActiveCfg = Debug|iPhone
		{C2E11D80-C8A4-4199-B78E-6DC2D497FB18}.Debug|iPhone.ActiveCfg = Debug|iPhone
		{C2E11D80-C8A4-4199-B78E-6DC2D497FB18}.Debug|iPhone.Build.0 = Debug|iPhone
		{C2E11D80-C8A4-4199-B78E-6DC2D497FB18}.Debug|iPhoneSimulator.ActiveCfg = Debug|iPhoneSimulator
		{C2E11D80-C8A4-4199-B78E-6DC2D497FB18}.Debug|iPhoneSimulator.Build.0 = Debug|iPhoneSimulator
		{C2E11D80-C8A4-4199-B78E-6DC2D497FB18}.Debug|x64.ActiveCfg = Debug|iPhone
		{C2E11D80-C8A4-4199-B78E-6DC2D497FB18}.Debug|x86.ActiveCfg = Debug|iPhone
		{C2E11D80-C8A4-4199-B78E-6DC2D497FB18}.Release|Any CPU.ActiveCfg = Release|iPhone
		{C2E11D80-C8A4-4199-B78E-6DC2D497FB18}.Release|ARM.ActiveCfg = Release|iPhone
		{C2E11D80-C8A4-4199-B78E-6DC2D497FB18}.Release|iPhone.ActiveCfg = Release|iPhone
		{C2E11D80-C8A4-4199-B78E-6DC2D497FB18}.Release|iPhone.Build.0 = Release|iPhone
		{C2E11D80-C8A4-4199-B78E-6DC2D497FB18}.Release|iPhoneSimulator.ActiveCfg = Release|iPhoneSimulator
		{C2E11D80-C8A4-4199-B78E-6DC2D497FB18}.Release|iPhoneSimulator.Build.0 = Release|iPhoneSimulator
		{C2E11D80-C8A4-4199-B78E-6DC2D497FB18}.Release|x64.ActiveCfg = Release|iPhone
		{C2E11D80-C8A4-4199-B78E-6DC2D497FB18}.Release|x86.ActiveCfg = Release|iPhone
	EndGlobalSection
	GlobalSection(SolutionProperties) = preSolution
		HideSolutionNode = FALSE
	EndGlobalSection
EndGlobal
